// !$*UTF8*$!
{
	archiveVersion = 1;
	classes = {
	};
	objectVersion = 46;
	objects = {

/* Begin PBXBuildFile section */
		401666281B54851600A5F545 /* KTFormViewController.swift in Sources */ = {isa = PBXBuildFile; fileRef = 401666271B54851600A5F545 /* KTFormViewController.swift */; };
		401B3E6A1B32208F00A4B11F /* SecretStuff.swift in Sources */ = {isa = PBXBuildFile; fileRef = 401B3E691B32208F00A4B11F /* SecretStuff.swift */; };
		402D03E81B5ED94200837268 /* ARGeoCoordinateDelegateProtocol.swift in Sources */ = {isa = PBXBuildFile; fileRef = 402D03E71B5ED94200837268 /* ARGeoCoordinateDelegateProtocol.swift */; };
		402D03EA1B5EE4CB00837268 /* KTGeoCoordinateViewController.swift in Sources */ = {isa = PBXBuildFile; fileRef = 402D03E91B5EE4CB00837268 /* KTGeoCoordinateViewController.swift */; };
		4044F3681B55AA2C00937900 /* ARKit.swift in Sources */ = {isa = PBXBuildFile; fileRef = 4044F3671B55AA2C00937900 /* ARKit.swift */; };
		4044F36A1B55ABE200937900 /* ARGeoCoordinate.swift in Sources */ = {isa = PBXBuildFile; fileRef = 4044F3691B55ABE200937900 /* ARGeoCoordinate.swift */; };
		4044F36C1B55ABF900937900 /* ARCoordinate.swift in Sources */ = {isa = PBXBuildFile; fileRef = 4044F36B1B55ABF900937900 /* ARCoordinate.swift */; };
		4044F36E1B55B94300937900 /* ARManager.swift in Sources */ = {isa = PBXBuildFile; fileRef = 4044F36D1B55B94300937900 /* ARManager.swift */; };
		4044F3701B55BC7800937900 /* ARViewProtocol.swift in Sources */ = {isa = PBXBuildFile; fileRef = 4044F36F1B55BC7800937900 /* ARViewProtocol.swift */; };
		4044F3721B5717F000937900 /* KTPOIMarkerManager.swift in Sources */ = {isa = PBXBuildFile; fileRef = 4044F3711B5717F000937900 /* KTPOIMarkerManager.swift */; };
		4044F3741B571A6B00937900 /* NetworkManager.swift in Sources */ = {isa = PBXBuildFile; fileRef = 4044F3731B571A6B00937900 /* NetworkManager.swift */; };
		404F4A431B28FE4E0072783C /* AppDelegate.swift in Sources */ = {isa = PBXBuildFile; fileRef = 404F4A421B28FE4E0072783C /* AppDelegate.swift */; };
		404F4A481B28FE4E0072783C /* Main.storyboard in Resources */ = {isa = PBXBuildFile; fileRef = 404F4A461B28FE4E0072783C /* Main.storyboard */; };
		404F4A4A1B28FE4E0072783C /* Images.xcassets in Resources */ = {isa = PBXBuildFile; fileRef = 404F4A491B28FE4E0072783C /* Images.xcassets */; };
		404F4A4D1B28FE4E0072783C /* LaunchScreen.xib in Resources */ = {isa = PBXBuildFile; fileRef = 404F4A4B1B28FE4E0072783C /* LaunchScreen.xib */; };
		404F4A591B28FE4E0072783C /* KuduTourTests.swift in Sources */ = {isa = PBXBuildFile; fileRef = 404F4A581B28FE4E0072783C /* KuduTourTests.swift */; };
		40C63BF21B5045550091FF66 /* KTViewController.swift in Sources */ = {isa = PBXBuildFile; fileRef = 40C63BF11B5045550091FF66 /* KTViewController.swift */; };
/* End PBXBuildFile section */

/* Begin PBXContainerItemProxy section */
		404F4A531B28FE4E0072783C /* PBXContainerItemProxy */ = {
			isa = PBXContainerItemProxy;
			containerPortal = 404F4A351B28FE4E0072783C /* Project object */;
			proxyType = 1;
			remoteGlobalIDString = 404F4A3C1B28FE4E0072783C;
			remoteInfo = KuduTour;
		};
/* End PBXContainerItemProxy section */

/* Begin PBXFileReference section */
		401666271B54851600A5F545 /* KTFormViewController.swift */ = {isa = PBXFileReference; fileEncoding = 4; lastKnownFileType = sourcecode.swift; path = KTFormViewController.swift; sourceTree = "<group>"; };
		401B3E691B32208F00A4B11F /* SecretStuff.swift */ = {isa = PBXFileReference; fileEncoding = 4; lastKnownFileType = sourcecode.swift; path = SecretStuff.swift; sourceTree = "<group>"; };
		402D03E71B5ED94200837268 /* ARGeoCoordinateDelegateProtocol.swift */ = {isa = PBXFileReference; fileEncoding = 4; lastKnownFileType = sourcecode.swift; path = ARGeoCoordinateDelegateProtocol.swift; sourceTree = "<group>"; };
		402D03E91B5EE4CB00837268 /* KTGeoCoordinateViewController.swift */ = {isa = PBXFileReference; fileEncoding = 4; lastKnownFileType = sourcecode.swift; path = KTGeoCoordinateViewController.swift; sourceTree = "<group>"; };
		4044F3671B55AA2C00937900 /* ARKit.swift */ = {isa = PBXFileReference; fileEncoding = 4; lastKnownFileType = sourcecode.swift; path = ARKit.swift; sourceTree = "<group>"; };
		4044F3691B55ABE200937900 /* ARGeoCoordinate.swift */ = {isa = PBXFileReference; fileEncoding = 4; lastKnownFileType = sourcecode.swift; path = ARGeoCoordinate.swift; sourceTree = "<group>"; };
		4044F36B1B55ABF900937900 /* ARCoordinate.swift */ = {isa = PBXFileReference; fileEncoding = 4; lastKnownFileType = sourcecode.swift; path = ARCoordinate.swift; sourceTree = "<group>"; };
		4044F36D1B55B94300937900 /* ARManager.swift */ = {isa = PBXFileReference; fileEncoding = 4; lastKnownFileType = sourcecode.swift; path = ARManager.swift; sourceTree = "<group>"; };
		4044F36F1B55BC7800937900 /* ARViewProtocol.swift */ = {isa = PBXFileReference; fileEncoding = 4; lastKnownFileType = sourcecode.swift; path = ARViewProtocol.swift; sourceTree = "<group>"; };
		4044F3711B5717F000937900 /* KTPOIMarkerManager.swift */ = {isa = PBXFileReference; fileEncoding = 4; lastKnownFileType = sourcecode.swift; name = KTPOIMarkerManager.swift; path = ARKit/KTPOIMarkerManager.swift; sourceTree = "<group>"; };
		4044F3731B571A6B00937900 /* NetworkManager.swift */ = {isa = PBXFileReference; fileEncoding = 4; lastKnownFileType = sourcecode.swift; path = NetworkManager.swift; sourceTree = "<group>"; };
		404F4A3D1B28FE4E0072783C /* KuduTour.app */ = {isa = PBXFileReference; explicitFileType = wrapper.application; includeInIndex = 0; path = KuduTour.app; sourceTree = BUILT_PRODUCTS_DIR; };
		404F4A411B28FE4E0072783C /* Info.plist */ = {isa = PBXFileReference; lastKnownFileType = text.plist.xml; path = Info.plist; sourceTree = "<group>"; };
		404F4A421B28FE4E0072783C /* AppDelegate.swift */ = {isa = PBXFileReference; lastKnownFileType = sourcecode.swift; path = AppDelegate.swift; sourceTree = "<group>"; };
		404F4A471B28FE4E0072783C /* Base */ = {isa = PBXFileReference; lastKnownFileType = file.storyboard; name = Base; path = Base.lproj/Main.storyboard; sourceTree = "<group>"; };
		404F4A491B28FE4E0072783C /* Images.xcassets */ = {isa = PBXFileReference; lastKnownFileType = folder.assetcatalog; path = Images.xcassets; sourceTree = "<group>"; };
		404F4A4C1B28FE4E0072783C /* Base */ = {isa = PBXFileReference; lastKnownFileType = file.xib; name = Base; path = Base.lproj/LaunchScreen.xib; sourceTree = "<group>"; };
		404F4A521B28FE4E0072783C /* KuduTourTests.xctest */ = {isa = PBXFileReference; explicitFileType = wrapper.cfbundle; includeInIndex = 0; path = KuduTourTests.xctest; sourceTree = BUILT_PRODUCTS_DIR; };
		404F4A571B28FE4E0072783C /* Info.plist */ = {isa = PBXFileReference; lastKnownFileType = text.plist.xml; path = Info.plist; sourceTree = "<group>"; };
		404F4A581B28FE4E0072783C /* KuduTourTests.swift */ = {isa = PBXFileReference; lastKnownFileType = sourcecode.swift; path = KuduTourTests.swift; sourceTree = "<group>"; };
		40702BC61B5598D4000D47BB /* BridgingHeader.h */ = {isa = PBXFileReference; lastKnownFileType = sourcecode.c.h; path = BridgingHeader.h; sourceTree = "<group>"; };
		40C63BF11B5045550091FF66 /* KTViewController.swift */ = {isa = PBXFileReference; fileEncoding = 4; lastKnownFileType = sourcecode.swift; path = KTViewController.swift; sourceTree = "<group>"; };
		5A4F6671721DFDC4210CF2A8 /* Pods-KuduTour.release.xcconfig */ = {isa = PBXFileReference; includeInIndex = 1; lastKnownFileType = text.xcconfig; name = "Pods-KuduTour.release.xcconfig"; path = "Pods/Target Support Files/Pods-KuduTour/Pods-KuduTour.release.xcconfig"; sourceTree = "<group>"; };
		A97455721A1F470804CF978D /* Pods-KuduTour.debug.xcconfig */ = {isa = PBXFileReference; includeInIndex = 1; lastKnownFileType = text.xcconfig; name = "Pods-KuduTour.debug.xcconfig"; path = "Pods/Target Support Files/Pods-KuduTour/Pods-KuduTour.debug.xcconfig"; sourceTree = "<group>"; };
/* End PBXFileReference section */

/* Begin PBXFrameworksBuildPhase section */
		404F4A3A1B28FE4E0072783C /* Frameworks */ = {
			isa = PBXFrameworksBuildPhase;
			buildActionMask = 2147483647;
			files = (
			);
			runOnlyForDeploymentPostprocessing = 0;
		};
		404F4A4F1B28FE4E0072783C /* Frameworks */ = {
			isa = PBXFrameworksBuildPhase;
			buildActionMask = 2147483647;
			files = (
			);
			runOnlyForDeploymentPostprocessing = 0;
		};
/* End PBXFrameworksBuildPhase section */

/* Begin PBXGroup section */
		401666291B54AC0900A5F545 /* Controllers */ = {
			isa = PBXGroup;
			children = (
				40C63BF11B5045550091FF66 /* KTViewController.swift */,
				401666271B54851600A5F545 /* KTFormViewController.swift */,
				402D03E91B5EE4CB00837268 /* KTGeoCoordinateViewController.swift */,
			);
			name = Controllers;
			sourceTree = "<group>";
		};
		4044F3551B55A89C00937900 /* ARKit */ = {
			isa = PBXGroup;
			children = (
				4044F3671B55AA2C00937900 /* ARKit.swift */,
				4044F3691B55ABE200937900 /* ARGeoCoordinate.swift */,
				4044F36B1B55ABF900937900 /* ARCoordinate.swift */,
				4044F36D1B55B94300937900 /* ARManager.swift */,
				4044F36F1B55BC7800937900 /* ARViewProtocol.swift */,
				402D03E71B5ED94200837268 /* ARGeoCoordinateDelegateProtocol.swift */,
			);
			path = ARKit;
			sourceTree = "<group>";
		};
		404F4A341B28FE4E0072783C = {
			isa = PBXGroup;
			children = (
				404F4A3F1B28FE4E0072783C /* KuduTour */,
				404F4A551B28FE4E0072783C /* KuduTourTests */,
				404F4A3E1B28FE4E0072783C /* Products */,
				D3F3B839BF1349AD5EEBF2CE /* Pods */,
			);
			sourceTree = "<group>";
		};
		404F4A3E1B28FE4E0072783C /* Products */ = {
			isa = PBXGroup;
			children = (
				404F4A3D1B28FE4E0072783C /* KuduTour.app */,
				404F4A521B28FE4E0072783C /* KuduTourTests.xctest */,
			);
			name = Products;
			sourceTree = "<group>";
		};
		404F4A3F1B28FE4E0072783C /* KuduTour */ = {
			isa = PBXGroup;
			children = (
				4044F3711B5717F000937900 /* KTPOIMarkerManager.swift */,
				4044F3551B55A89C00937900 /* ARKit */,
				404F4A421B28FE4E0072783C /* AppDelegate.swift */,
				404F4A461B28FE4E0072783C /* Main.storyboard */,
				404F4A491B28FE4E0072783C /* Images.xcassets */,
				404F4A4B1B28FE4E0072783C /* LaunchScreen.xib */,
				404F4A401B28FE4E0072783C /* Supporting Files */,
				401B3E691B32208F00A4B11F /* SecretStuff.swift */,
				401666291B54AC0900A5F545 /* Controllers */,
				40702BC61B5598D4000D47BB /* BridgingHeader.h */,
				4044F3731B571A6B00937900 /* NetworkManager.swift */,
			);
			path = KuduTour;
			sourceTree = "<group>";
		};
		404F4A401B28FE4E0072783C /* Supporting Files */ = {
			isa = PBXGroup;
			children = (
				404F4A411B28FE4E0072783C /* Info.plist */,
			);
			name = "Supporting Files";
			sourceTree = "<group>";
		};
		404F4A551B28FE4E0072783C /* KuduTourTests */ = {
			isa = PBXGroup;
			children = (
				404F4A581B28FE4E0072783C /* KuduTourTests.swift */,
				404F4A561B28FE4E0072783C /* Supporting Files */,
			);
			path = KuduTourTests;
			sourceTree = "<group>";
		};
		404F4A561B28FE4E0072783C /* Supporting Files */ = {
			isa = PBXGroup;
			children = (
				404F4A571B28FE4E0072783C /* Info.plist */,
			);
			name = "Supporting Files";
			sourceTree = "<group>";
		};
		D3F3B839BF1349AD5EEBF2CE /* Pods */ = {
			isa = PBXGroup;
			children = (
				A97455721A1F470804CF978D /* Pods-KuduTour.debug.xcconfig */,
				5A4F6671721DFDC4210CF2A8 /* Pods-KuduTour.release.xcconfig */,
			);
			name = Pods;
			sourceTree = "<group>";
		};
/* End PBXGroup section */

/* Begin PBXNativeTarget section */
		404F4A3C1B28FE4E0072783C /* KuduTour */ = {
			isa = PBXNativeTarget;
			buildConfigurationList = 404F4A5C1B28FE4E0072783C /* Build configuration list for PBXNativeTarget "KuduTour" */;
			buildPhases = (
				265CBE4BECD73814BB27878A /* Check Pods Manifest.lock */,
				404F4A391B28FE4E0072783C /* Sources */,
				404F4A3A1B28FE4E0072783C /* Frameworks */,
				404F4A3B1B28FE4E0072783C /* Resources */,
				C42B8B969A36C11E41B54FE4 /* Embed Pods Frameworks */,
				8C3EF0238DB08D6F0F1A1974 /* Copy Pods Resources */,
			);
			buildRules = (
			);
			dependencies = (
			);
			name = KuduTour;
			productName = KuduTour;
			productReference = 404F4A3D1B28FE4E0072783C /* KuduTour.app */;
			productType = "com.apple.product-type.application";
		};
		404F4A511B28FE4E0072783C /* KuduTourTests */ = {
			isa = PBXNativeTarget;
			buildConfigurationList = 404F4A5F1B28FE4E0072783C /* Build configuration list for PBXNativeTarget "KuduTourTests" */;
			buildPhases = (
				404F4A4E1B28FE4E0072783C /* Sources */,
				404F4A4F1B28FE4E0072783C /* Frameworks */,
				404F4A501B28FE4E0072783C /* Resources */,
			);
			buildRules = (
			);
			dependencies = (
				404F4A541B28FE4E0072783C /* PBXTargetDependency */,
			);
			name = KuduTourTests;
			productName = KuduTourTests;
			productReference = 404F4A521B28FE4E0072783C /* KuduTourTests.xctest */;
			productType = "com.apple.product-type.bundle.unit-test";
		};
/* End PBXNativeTarget section */

/* Begin PBXProject section */
		404F4A351B28FE4E0072783C /* Project object */ = {
			isa = PBXProject;
			attributes = {
				LastUpgradeCheck = 0630;
				ORGANIZATIONNAME = "Matt DeBoard";
				TargetAttributes = {
					404F4A3C1B28FE4E0072783C = {
						CreatedOnToolsVersion = 6.3.2;
						DevelopmentTeam = H57R34WPZ6;
					};
					404F4A511B28FE4E0072783C = {
						CreatedOnToolsVersion = 6.3.2;
						TestTargetID = 404F4A3C1B28FE4E0072783C;
					};
				};
			};
			buildConfigurationList = 404F4A381B28FE4E0072783C /* Build configuration list for PBXProject "KuduTour" */;
			compatibilityVersion = "Xcode 3.2";
			developmentRegion = English;
			hasScannedForEncodings = 0;
			knownRegions = (
				en,
				Base,
			);
			mainGroup = 404F4A341B28FE4E0072783C;
			productRefGroup = 404F4A3E1B28FE4E0072783C /* Products */;
			projectDirPath = "";
			projectRoot = "";
			targets = (
				404F4A3C1B28FE4E0072783C /* KuduTour */,
				404F4A511B28FE4E0072783C /* KuduTourTests */,
			);
		};
/* End PBXProject section */

/* Begin PBXResourcesBuildPhase section */
		404F4A3B1B28FE4E0072783C /* Resources */ = {
			isa = PBXResourcesBuildPhase;
			buildActionMask = 2147483647;
			files = (
				404F4A481B28FE4E0072783C /* Main.storyboard in Resources */,
				404F4A4D1B28FE4E0072783C /* LaunchScreen.xib in Resources */,
				404F4A4A1B28FE4E0072783C /* Images.xcassets in Resources */,
			);
			runOnlyForDeploymentPostprocessing = 0;
		};
		404F4A501B28FE4E0072783C /* Resources */ = {
			isa = PBXResourcesBuildPhase;
			buildActionMask = 2147483647;
			files = (
			);
			runOnlyForDeploymentPostprocessing = 0;
		};
/* End PBXResourcesBuildPhase section */

/* Begin PBXShellScriptBuildPhase section */
		265CBE4BECD73814BB27878A /* Check Pods Manifest.lock */ = {
			isa = PBXShellScriptBuildPhase;
			buildActionMask = 2147483647;
			files = (
			);
			inputPaths = (
			);
			name = "Check Pods Manifest.lock";
			outputPaths = (
			);
			runOnlyForDeploymentPostprocessing = 0;
			shellPath = /bin/sh;
			shellScript = "diff \"${PODS_ROOT}/../Podfile.lock\" \"${PODS_ROOT}/Manifest.lock\" > /dev/null\nif [[ $? != 0 ]] ; then\n    cat << EOM\nerror: The sandbox is not in sync with the Podfile.lock. Run 'pod install' or update your CocoaPods installation.\nEOM\n    exit 1\nfi\n";
			showEnvVarsInLog = 0;
		};
		8C3EF0238DB08D6F0F1A1974 /* Copy Pods Resources */ = {
			isa = PBXShellScriptBuildPhase;
			buildActionMask = 2147483647;
			files = (
			);
			inputPaths = (
			);
			name = "Copy Pods Resources";
			outputPaths = (
			);
			runOnlyForDeploymentPostprocessing = 0;
			shellPath = /bin/sh;
			shellScript = "\"${SRCROOT}/Pods/Target Support Files/Pods-KuduTour/Pods-KuduTour-resources.sh\"\n";
			showEnvVarsInLog = 0;
		};
		C42B8B969A36C11E41B54FE4 /* Embed Pods Frameworks */ = {
			isa = PBXShellScriptBuildPhase;
			buildActionMask = 2147483647;
			files = (
			);
			inputPaths = (
			);
			name = "Embed Pods Frameworks";
			outputPaths = (
			);
			runOnlyForDeploymentPostprocessing = 0;
			shellPath = /bin/sh;
			shellScript = "\"${SRCROOT}/Pods/Target Support Files/Pods-KuduTour/Pods-KuduTour-frameworks.sh\"\n";
			showEnvVarsInLog = 0;
		};
/* End PBXShellScriptBuildPhase section */

/* Begin PBXSourcesBuildPhase section */
		404F4A391B28FE4E0072783C /* Sources */ = {
			isa = PBXSourcesBuildPhase;
			buildActionMask = 2147483647;
			files = (
				401B3E6A1B32208F00A4B11F /* SecretStuff.swift in Sources */,
				401666281B54851600A5F545 /* KTFormViewController.swift in Sources */,
				4044F36A1B55ABE200937900 /* ARGeoCoordinate.swift in Sources */,
				404F4A431B28FE4E0072783C /* AppDelegate.swift in Sources */,
				4044F3741B571A6B00937900 /* NetworkManager.swift in Sources */,
				402D03E81B5ED94200837268 /* ARGeoCoordinateDelegateProtocol.swift in Sources */,
				4044F3701B55BC7800937900 /* ARViewProtocol.swift in Sources */,
				402D03EA1B5EE4CB00837268 /* KTGeoCoordinateViewController.swift in Sources */,
				4044F36C1B55ABF900937900 /* ARCoordinate.swift in Sources */,
				4044F3681B55AA2C00937900 /* ARKit.swift in Sources */,
				4044F36E1B55B94300937900 /* ARManager.swift in Sources */,
				40C63BF21B5045550091FF66 /* KTViewController.swift in Sources */,
				4044F3721B5717F000937900 /* KTPOIMarkerManager.swift in Sources */,
			);
			runOnlyForDeploymentPostprocessing = 0;
		};
		404F4A4E1B28FE4E0072783C /* Sources */ = {
			isa = PBXSourcesBuildPhase;
			buildActionMask = 2147483647;
			files = (
				404F4A591B28FE4E0072783C /* KuduTourTests.swift in Sources */,
			);
			runOnlyForDeploymentPostprocessing = 0;
		};
/* End PBXSourcesBuildPhase section */

/* Begin PBXTargetDependency section */
		404F4A541B28FE4E0072783C /* PBXTargetDependency */ = {
			isa = PBXTargetDependency;
			target = 404F4A3C1B28FE4E0072783C /* KuduTour */;
			targetProxy = 404F4A531B28FE4E0072783C /* PBXContainerItemProxy */;
		};
/* End PBXTargetDependency section */

/* Begin PBXVariantGroup section */
		404F4A461B28FE4E0072783C /* Main.storyboard */ = {
			isa = PBXVariantGroup;
			children = (
				404F4A471B28FE4E0072783C /* Base */,
			);
			name = Main.storyboard;
			sourceTree = "<group>";
		};
		404F4A4B1B28FE4E0072783C /* LaunchScreen.xib */ = {
			isa = PBXVariantGroup;
			children = (
				404F4A4C1B28FE4E0072783C /* Base */,
			);
			name = LaunchScreen.xib;
			sourceTree = "<group>";
		};
/* End PBXVariantGroup section */

/* Begin XCBuildConfiguration section */
		404F4A5A1B28FE4E0072783C /* Debug */ = {
			isa = XCBuildConfiguration;
			buildSettings = {
				ALWAYS_SEARCH_USER_PATHS = NO;
				CLANG_CXX_LANGUAGE_STANDARD = "gnu++0x";
				CLANG_CXX_LIBRARY = "libc++";
				CLANG_ENABLE_MODULES = YES;
				CLANG_ENABLE_OBJC_ARC = YES;
				CLANG_WARN_BOOL_CONVERSION = YES;
				CLANG_WARN_CONSTANT_CONVERSION = YES;
				CLANG_WARN_DIRECT_OBJC_ISA_USAGE = YES_ERROR;
				CLANG_WARN_EMPTY_BODY = YES;
				CLANG_WARN_ENUM_CONVERSION = YES;
				CLANG_WARN_INT_CONVERSION = YES;
				CLANG_WARN_OBJC_ROOT_CLASS = YES_ERROR;
				CLANG_WARN_UNREACHABLE_CODE = YES;
				CLANG_WARN__DUPLICATE_METHOD_MATCH = YES;
				"CODE_SIGN_IDENTITY[sdk=iphoneos*]" = "iPhone Developer";
				COPY_PHASE_STRIP = NO;
				DEBUG_INFORMATION_FORMAT = "dwarf-with-dsym";
				ENABLE_STRICT_OBJC_MSGSEND = YES;
				GCC_C_LANGUAGE_STANDARD = gnu99;
				GCC_DYNAMIC_NO_PIC = NO;
				GCC_NO_COMMON_BLOCKS = YES;
				GCC_OPTIMIZATION_LEVEL = 0;
				GCC_PREPROCESSOR_DEFINITIONS = (
					"DEBUG=1",
					"$(inherited)",
				);
				GCC_SYMBOLS_PRIVATE_EXTERN = NO;
				GCC_WARN_64_TO_32_BIT_CONVERSION = YES;
				GCC_WARN_ABOUT_RETURN_TYPE = YES_ERROR;
				GCC_WARN_UNDECLARED_SELECTOR = YES;
				GCC_WARN_UNINITIALIZED_AUTOS = YES_AGGRESSIVE;
				GCC_WARN_UNUSED_FUNCTION = YES;
				GCC_WARN_UNUSED_VARIABLE = YES;
				IPHONEOS_DEPLOYMENT_TARGET = 8.3;
				MTL_ENABLE_DEBUG_INFO = YES;
				ONLY_ACTIVE_ARCH = YES;
				SDKROOT = iphoneos;
				SWIFT_OPTIMIZATION_LEVEL = "-Onone";
				TARGETED_DEVICE_FAMILY = "1,2";
			};
			name = Debug;
		};
		404F4A5B1B28FE4E0072783C /* Release */ = {
			isa = XCBuildConfiguration;
			buildSettings = {
				ALWAYS_SEARCH_USER_PATHS = NO;
				CLANG_CXX_LANGUAGE_STANDARD = "gnu++0x";
				CLANG_CXX_LIBRARY = "libc++";
				CLANG_ENABLE_MODULES = YES;
				CLANG_ENABLE_OBJC_ARC = YES;
				CLANG_WARN_BOOL_CONVERSION = YES;
				CLANG_WARN_CONSTANT_CONVERSION = YES;
				CLANG_WARN_DIRECT_OBJC_ISA_USAGE = YES_ERROR;
				CLANG_WARN_EMPTY_BODY = YES;
				CLANG_WARN_ENUM_CONVERSION = YES;
				CLANG_WARN_INT_CONVERSION = YES;
				CLANG_WARN_OBJC_ROOT_CLASS = YES_ERROR;
				CLANG_WARN_UNREACHABLE_CODE = YES;
				CLANG_WARN__DUPLICATE_METHOD_MATCH = YES;
				"CODE_SIGN_IDENTITY[sdk=iphoneos*]" = "iPhone Developer";
				COPY_PHASE_STRIP = NO;
				DEBUG_INFORMATION_FORMAT = "dwarf-with-dsym";
				ENABLE_NS_ASSERTIONS = NO;
				ENABLE_STRICT_OBJC_MSGSEND = YES;
				GCC_C_LANGUAGE_STANDARD = gnu99;
				GCC_NO_COMMON_BLOCKS = YES;
				GCC_WARN_64_TO_32_BIT_CONVERSION = YES;
				GCC_WARN_ABOUT_RETURN_TYPE = YES_ERROR;
				GCC_WARN_UNDECLARED_SELECTOR = YES;
				GCC_WARN_UNINITIALIZED_AUTOS = YES_AGGRESSIVE;
				GCC_WARN_UNUSED_FUNCTION = YES;
				GCC_WARN_UNUSED_VARIABLE = YES;
				IPHONEOS_DEPLOYMENT_TARGET = 8.3;
				MTL_ENABLE_DEBUG_INFO = NO;
				SDKROOT = iphoneos;
				TARGETED_DEVICE_FAMILY = "1,2";
				VALIDATE_PRODUCT = YES;
			};
			name = Release;
		};
		404F4A5D1B28FE4E0072783C /* Debug */ = {
			isa = XCBuildConfiguration;
			baseConfigurationReference = A97455721A1F470804CF978D /* Pods-KuduTour.debug.xcconfig */;
			buildSettings = {
				ASSETCATALOG_COMPILER_APPICON_NAME = AppIcon;
				CODE_SIGN_IDENTITY = "iPhone Developer";
				"CODE_SIGN_IDENTITY[sdk=iphoneos*]" = "iPhone Developer";
				FRAMEWORK_SEARCH_PATHS = (
					"$(inherited)",
					"$(PROJECT_DIR)/Frameworks",
					"$(PROJECT_DIR)/build/Release-iphoneos/Pods-KuduTour",
					"$(PROJECT_DIR)/build/Debug-iphoneos/Pods-KuduTour",
				);
				INFOPLIST_FILE = KuduTour/Info.plist;
				LD_RUNPATH_SEARCH_PATHS = "$(inherited) @executable_path/Frameworks";
				OTHER_LDFLAGS = "$(inherited)";
				PRODUCT_NAME = "$(TARGET_NAME)";
				PROVISIONING_PROFILE = "";
				SWIFT_OBJC_BRIDGING_HEADER = KuduTour/BridgingHeader.h;
			};
			name = Debug;
		};
		404F4A5E1B28FE4E0072783C /* Release */ = {
			isa = XCBuildConfiguration;
			baseConfigurationReference = 5A4F6671721DFDC4210CF2A8 /* Pods-KuduTour.release.xcconfig */;
			buildSettings = {
				ASSETCATALOG_COMPILER_APPICON_NAME = AppIcon;
				CODE_SIGN_IDENTITY = "iPhone Developer";
				"CODE_SIGN_IDENTITY[sdk=iphoneos*]" = "iPhone Developer";
				FRAMEWORK_SEARCH_PATHS = (
					"$(inherited)",
					"$(PROJECT_DIR)/Frameworks",
					"$(PROJECT_DIR)/build/Release-iphoneos/Pods-KuduTour",
					"$(PROJECT_DIR)/build/Debug-iphoneos/Pods-KuduTour",
				);
				INFOPLIST_FILE = KuduTour/Info.plist;
				LD_RUNPATH_SEARCH_PATHS = "$(inherited) @executable_path/Frameworks";
				OTHER_LDFLAGS = "$(inherited)";
				PRODUCT_NAME = "$(TARGET_NAME)";
				PROVISIONING_PROFILE = "";
				SWIFT_OBJC_BRIDGING_HEADER = KuduTour/BridgingHeader.h;
			};
			name = Release;
		};
		404F4A601B28FE4E0072783C /* Debug */ = {
			isa = XCBuildConfiguration;
			buildSettings = {
				BUNDLE_LOADER = "$(TEST_HOST)";
				FRAMEWORK_SEARCH_PATHS = (
					"$(SDKROOT)/Developer/Library/Frameworks",
					"$(inherited)",
				);
				GCC_PREPROCESSOR_DEFINITIONS = (
					"DEBUG=1",
					"$(inherited)",
				);
				INFOPLIST_FILE = KuduTourTests/Info.plist;
				LD_RUNPATH_SEARCH_PATHS = "$(inherited) @executable_path/Frameworks @loader_path/Frameworks";
				PRODUCT_NAME = "$(TARGET_NAME)";
				TEST_HOST = "$(BUILT_PRODUCTS_DIR)/KuduTour.app/KuduTour";
			};
			name = Debug;
		};
		404F4A611B28FE4E0072783C /* Release */ = {
			isa = XCBuildConfiguration;
			buildSettings = {
				BUNDLE_LOADER = "$(TEST_HOST)";
				FRAMEWORK_SEARCH_PATHS = (
					"$(SDKROOT)/Developer/Library/Frameworks",
					"$(inherited)",
				);
				INFOPLIST_FILE = KuduTourTests/Info.plist;
				LD_RUNPATH_SEARCH_PATHS = "$(inherited) @executable_path/Frameworks @loader_path/Frameworks";
				PRODUCT_NAME = "$(TARGET_NAME)";
				TEST_HOST = "$(BUILT_PRODUCTS_DIR)/KuduTour.app/KuduTour";
			};
			name = Release;
		};
/* End XCBuildConfiguration section */

/* Begin XCConfigurationList section */
		404F4A381B28FE4E0072783C /* Build configuration list for PBXProject "KuduTour" */ = {
			isa = XCConfigurationList;
			buildConfigurations = (
				404F4A5A1B28FE4E0072783C /* Debug */,
				404F4A5B1B28FE4E0072783C /* Release */,
			);
			defaultConfigurationIsVisible = 0;
			defaultConfigurationName = Release;
		};
		404F4A5C1B28FE4E0072783C /* Build configuration list for PBXNativeTarget "KuduTour" */ = {
			isa = XCConfigurationList;
			buildConfigurations = (
				404F4A5D1B28FE4E0072783C /* Debug */,
				404F4A5E1B28FE4E0072783C /* Release */,
			);
			defaultConfigurationIsVisible = 0;
			defaultConfigurationName = Release;
		};
		404F4A5F1B28FE4E0072783C /* Build configuration list for PBXNativeTarget "KuduTourTests" */ = {
			isa = XCConfigurationList;
			buildConfigurations = (
				404F4A601B28FE4E0072783C /* Debug */,
				404F4A611B28FE4E0072783C /* Release */,
			);
			defaultConfigurationIsVisible = 0;
			defaultConfigurationName = Release;
		};
/* End XCConfigurationList section */
	};
	rootObject = 404F4A351B28FE4E0072783C /* Project object */;
}
